{
  "name": "proj-1-abc",
  "version": "1.0.0",
  "lockfileVersion": 3,
  "requires": true,
  "packages": {
    "": {
      "name": "proj-1-abc",
      "version": "1.0.0",
      "license": "ISC",
      "dependencies": {
        "proj-1-abc": "file:"
      }
    },
    "node_modules/proj-1-abc": {
      "resolved": "",
      "link": true
    }
  }
}
